
Microsoft Visual Studio Solution File, Format Version 12.00
# Visual Studio Version 16
VisualStudioVersion = 16.0.808.6
MinimumVisualStudioVersion = 10.0.40219.1
Project("{9A19103F-16F7-4668-BE54-9A1E7A4F7556}") = "Zwift_Challenge", "Zwift_Challenge\Zwift_Challenge.csproj", "{1E716E9F-E298-4B94-B2A7-B44AE745F0B5}"
EndProject
Global
	GlobalSection(SolutionConfigurationPlatforms) = preSolution
		Debug|Any CPU = Debug|Any CPU
		Release|Any CPU = Release|Any CPU
	EndGlobalSection
	GlobalSection(ProjectConfigurationPlatforms) = postSolution
		{1E716E9F-E298-4B94-B2A7-B44AE745F0B5}.Debug|Any CPU.ActiveCfg = Debug|Any CPU
		{1E716E9F-E298-4B94-B2A7-B44AE745F0B5}.Debug|Any CPU.Build.0 = Debug|Any CPU
		{1E716E9F-E298-4B94-B2A7-B44AE745F0B5}.Release|Any CPU.ActiveCfg = Release|Any CPU
		{1E716E9F-E298-4B94-B2A7-B44AE745F0B5}.Release|Any CPU.Build.0 = Release|Any CPU
	EndGlobalSection
	GlobalSection(SolutionProperties) = preSolution
		HideSolutionNode = FALSE
	EndGlobalSection
	GlobalSection(ExtensibilityGlobals) = postSolution
		SolutionGuid = {6D0A156E-18B2-4D86-9E1D-5BBFF08DBB66}
	EndGlobalSection
EndGlobal
